# This file is autogenerated, do not edit; changes may be undone by the next 'dep ensure'.


[[projects]]
  digest = "1:9f3b30d9f8e0d7040f729b82dcbc8f0dead820a133b3147ce355fc451f32d761"
  name = "github.com/BurntSushi/toml"
  packages = ["."]
  pruneopts = "UT"
  revision = "3012a1dbe2e4bd1391d42b32f0577cb7bbc7f005"
  version = "v0.3.1"

[[projects]]
  digest = "1:140b33c0a7fc0ae2eaf32edd91dc96aa28572380a4adc538cc4732bf308626f7"
  name = "github.com/coreos/etcd"
  packages = [
    "Godeps/_workspace/src/github.com/gogo/protobuf/proto",
    "Godeps/_workspace/src/github.com/golang/protobuf/proto",
    "Godeps/_workspace/src/golang.org/x/net/context",
    "Godeps/_workspace/src/golang.org/x/net/http2",
    "Godeps/_workspace/src/golang.org/x/net/http2/hpack",
    "Godeps/_workspace/src/golang.org/x/net/internal/timeseries",
    "Godeps/_workspace/src/golang.org/x/net/trace",
    "Godeps/_workspace/src/google.golang.org/grpc",
    "Godeps/_workspace/src/google.golang.org/grpc/codes",
    "Godeps/_workspace/src/google.golang.org/grpc/credentials",
    "Godeps/_workspace/src/google.golang.org/grpc/grpclog",
    "Godeps/_workspace/src/google.golang.org/grpc/metadata",
    "Godeps/_workspace/src/google.golang.org/grpc/naming",
    "Godeps/_workspace/src/google.golang.org/grpc/peer",
    "Godeps/_workspace/src/google.golang.org/grpc/transport",
    "clientv3",
    "etcdserver/api/v3rpc/rpctypes",
    "etcdserver/etcdserverpb",
    "storage/storagepb",
  ]
  pruneopts = "UT"
  revision = "7e4fc7eaa931298732c880a703bccc9c177ae1de"
  version = "v2.3.8"

[[projects]]
  digest = "1:ca59b1175189b3f0e9f1793d2c350114be36eaabbe5b9f554b35edee1de50aea"
  name = "github.com/gorilla/mux"
  packages = ["."]
  pruneopts = "UT"
  revision = "a7962380ca08b5a188038c69871b8d3fbdf31e89"
  version = "v1.7.0"

[[projects]]
  digest = "1:0f65b10afa740ebce239838198b7647ca95c6395738bbaec5748aceece17b07c"
  name = "github.com/jinzhu/configor"
  packages = ["."]
  pruneopts = "UT"
  revision = "4edaf76fe18865e36de734d887f4c01bd05707af"
  version = "v1.0.0"

[[projects]]
  digest = "1:36a75ab002c1cfb43bcc5d2ec10fbdc2a1136e9246a65e535f1d827435f28f17"
  name = "github.com/sirupsen/logrus"
  packages = ["."]
  pruneopts = "UT"
  revision = "418b41d23a1bf978c06faea5313ba194650ac088"
  version = "v0.8.7"

[[projects]]
  digest = "1:4d2e5a73dc1500038e504a8d78b986630e3626dc027bc030ba5c75da257cdb96"
  name = "gopkg.in/yaml.v2"
  packages = ["."]
  pruneopts = "UT"
  revision = "51d6538a90f86fe93ac480b35f37b2be17fef232"
  version = "v2.2.2"

[solve-meta]
  analyzer-name = "dep"
  analyzer-version = 1
  input-imports = [
    "github.com/coreos/etcd/clientv3",
    "github.com/gorilla/mux",
    "github.com/jinzhu/configor",
    "github.com/sirupsen/logrus",
  ]
  solver-name = "gps-cdcl"
  solver-version = 1
